
Microsoft Visual Studio Solution File, Format Version 12.00
# Visual Studio 15
VisualStudioVersion = 15.0.27130.2036
MinimumVisualStudioVersion = 10.0.40219.1
Project("{FAE04EC0-301F-11D3-BF4B-00C04F79EFBC}") = "CHMHelpTest", "CHMHelpTest\CHMHelpTest.csproj", "{9831DC2F-482B-489B-95F7-813527D9F072}"
EndProject
Global
	GlobalSection(SolutionConfigurationPlatforms) = preSolution
		Debug|Any CPU = Debug|Any CPU
		Release|Any CPU = Release|Any CPU
	EndGlobalSection
	GlobalSection(ProjectConfigurationPlatforms) = postSolution
		{9831DC2F-482B-489B-95F7-813527D9F072}.Debug|Any CPU.ActiveCfg = Debug|Any CPU
		{9831DC2F-482B-489B-95F7-813527D9F072}.Debug|Any CPU.Build.0 = Debug|Any CPU
		{9831DC2F-482B-489B-95F7-813527D9F072}.Release|Any CPU.ActiveCfg = Release|Any CPU
		{9831DC2F-482B-489B-95F7-813527D9F072}.Release|Any CPU.Build.0 = Release|Any CPU
	EndGlobalSection
	GlobalSection(SolutionProperties) = preSolution
		HideSolutionNode = FALSE
	EndGlobalSection
	GlobalSection(ExtensibilityGlobals) = postSolution
		SolutionGuid = {388DF951-5C39-4CA2-9991-15D622AB0691}
	EndGlobalSection
EndGlobal
